
Microsoft Visual Studio Solution File, Format Version 12.00
# Visual Studio Version 16
VisualStudioVersion = 16.0.30413.136
MinimumVisualStudioVersion = 10.0.40219.1
Project("{FAE04EC0-301F-11D3-BF4B-00C04F79EFBC}") = "Pre-work_assignment", "Pre-work_assignment\Pre-work_assignment.csproj", "{ABA22809-7635-48DF-95AD-25A7D0805A94}"
EndProject
Global
	GlobalSection(SolutionConfigurationPlatforms) = preSolution
		Debug|Any CPU = Debug|Any CPU
		Release|Any CPU = Release|Any CPU
	EndGlobalSection
	GlobalSection(ProjectConfigurationPlatforms) = postSolution
		{ABA22809-7635-48DF-95AD-25A7D0805A94}.Debug|Any CPU.ActiveCfg = Debug|Any CPU
		{ABA22809-7635-48DF-95AD-25A7D0805A94}.Debug|Any CPU.Build.0 = Debug|Any CPU
		{ABA22809-7635-48DF-95AD-25A7D0805A94}.Release|Any CPU.ActiveCfg = Release|Any CPU
		{ABA22809-7635-48DF-95AD-25A7D0805A94}.Release|Any CPU.Build.0 = Release|Any CPU
	EndGlobalSection
	GlobalSection(SolutionProperties) = preSolution
		HideSolutionNode = FALSE
	EndGlobalSection
	GlobalSection(ExtensibilityGlobals) = postSolution
		SolutionGuid = {BDE9F0AA-3B96-4EAC-A736-ADC2519CCD60}
	EndGlobalSection
EndGlobal
